
Microsoft Visual Studio Solution File, Format Version 11.00
# Visual Studio 2010
Project("{FAE04EC0-301F-11D3-BF4B-00C04F79EFBC}") = "WorkflowRulesEngine", "WorkFlowProvider\WorkflowRulesEngine.csproj", "{4C239FC0-33E9-404C-B46E-9D01307C37BE}"
EndProject
Project("{FAE04EC0-301F-11D3-BF4B-00C04F79EFBC}") = "ConsoleApp", "ConsoleApp\ConsoleApp.csproj", "{CC21B03F-7D80-438C-A384-911ABB62E8FB}"
EndProject
Project("{FAE04EC0-301F-11D3-BF4B-00C04F79EFBC}") = "TicketDomain", "TicketDomain\TicketDomain.csproj", "{CC7DAA68-A27C-4A9F-8DE9-FE1BD1675530}"
EndProject
Global
	GlobalSection(SolutionConfigurationPlatforms) = preSolution
		Debug|Any CPU = Debug|Any CPU
		Debug|Mixed Platforms = Debug|Mixed Platforms
		Debug|x86 = Debug|x86
		Release|Any CPU = Release|Any CPU
		Release|Mixed Platforms = Release|Mixed Platforms
		Release|x86 = Release|x86
	EndGlobalSection
	GlobalSection(ProjectConfigurationPlatforms) = postSolution
		{4C239FC0-33E9-404C-B46E-9D01307C37BE}.Debug|Any CPU.ActiveCfg = Debug|Any CPU
		{4C239FC0-33E9-404C-B46E-9D01307C37BE}.Debug|Any CPU.Build.0 = Debug|Any CPU
		{4C239FC0-33E9-404C-B46E-9D01307C37BE}.Debug|Mixed Platforms.ActiveCfg = Debug|Any CPU
		{4C239FC0-33E9-404C-B46E-9D01307C37BE}.Debug|Mixed Platforms.Build.0 = Debug|Any CPU
		{4C239FC0-33E9-404C-B46E-9D01307C37BE}.Debug|x86.ActiveCfg = Debug|Any CPU
		{4C239FC0-33E9-404C-B46E-9D01307C37BE}.Release|Any CPU.ActiveCfg = Release|Any CPU
		{4C239FC0-33E9-404C-B46E-9D01307C37BE}.Release|Any CPU.Build.0 = Release|Any CPU
		{4C239FC0-33E9-404C-B46E-9D01307C37BE}.Release|Mixed Platforms.ActiveCfg = Release|Any CPU
		{4C239FC0-33E9-404C-B46E-9D01307C37BE}.Release|Mixed Platforms.Build.0 = Release|Any CPU
		{4C239FC0-33E9-404C-B46E-9D01307C37BE}.Release|x86.ActiveCfg = Release|Any CPU
		{CC21B03F-7D80-438C-A384-911ABB62E8FB}.Debug|Any CPU.ActiveCfg = Debug|x86
		{CC21B03F-7D80-438C-A384-911ABB62E8FB}.Debug|Mixed Platforms.ActiveCfg = Debug|x86
		{CC21B03F-7D80-438C-A384-911ABB62E8FB}.Debug|Mixed Platforms.Build.0 = Debug|x86
		{CC21B03F-7D80-438C-A384-911ABB62E8FB}.Debug|x86.ActiveCfg = Debug|x86
		{CC21B03F-7D80-438C-A384-911ABB62E8FB}.Debug|x86.Build.0 = Debug|x86
		{CC21B03F-7D80-438C-A384-911ABB62E8FB}.Release|Any CPU.ActiveCfg = Release|x86
		{CC21B03F-7D80-438C-A384-911ABB62E8FB}.Release|Mixed Platforms.ActiveCfg = Release|x86
		{CC21B03F-7D80-438C-A384-911ABB62E8FB}.Release|Mixed Platforms.Build.0 = Release|x86
		{CC21B03F-7D80-438C-A384-911ABB62E8FB}.Release|x86.ActiveCfg = Release|x86
		{CC21B03F-7D80-438C-A384-911ABB62E8FB}.Release|x86.Build.0 = Release|x86
		{CC7DAA68-A27C-4A9F-8DE9-FE1BD1675530}.Debug|Any CPU.ActiveCfg = Debug|Any CPU
		{CC7DAA68-A27C-4A9F-8DE9-FE1BD1675530}.Debug|Any CPU.Build.0 = Debug|Any CPU
		{CC7DAA68-A27C-4A9F-8DE9-FE1BD1675530}.Debug|Mixed Platforms.ActiveCfg = Debug|Any CPU
		{CC7DAA68-A27C-4A9F-8DE9-FE1BD1675530}.Debug|Mixed Platforms.Build.0 = Debug|Any CPU
		{CC7DAA68-A27C-4A9F-8DE9-FE1BD1675530}.Debug|x86.ActiveCfg = Debug|Any CPU
		{CC7DAA68-A27C-4A9F-8DE9-FE1BD1675530}.Release|Any CPU.ActiveCfg = Release|Any CPU
		{CC7DAA68-A27C-4A9F-8DE9-FE1BD1675530}.Release|Any CPU.Build.0 = Release|Any CPU
		{CC7DAA68-A27C-4A9F-8DE9-FE1BD1675530}.Release|Mixed Platforms.ActiveCfg = Release|Any CPU
		{CC7DAA68-A27C-4A9F-8DE9-FE1BD1675530}.Release|Mixed Platforms.Build.0 = Release|Any CPU
		{CC7DAA68-A27C-4A9F-8DE9-FE1BD1675530}.Release|x86.ActiveCfg = Release|Any CPU
	EndGlobalSection
	GlobalSection(SolutionProperties) = preSolution
		HideSolutionNode = FALSE
	EndGlobalSection
EndGlobal
